
Microsoft Visual Studio Solution File, Format Version 12.00
# Visual Studio Version 17
VisualStudioVersion = 17.9.34622.214
MinimumVisualStudioVersion = 10.0.40219.1
Project("{FAE04EC0-301F-11D3-BF4B-00C04F79EFBC}") = "WindowsFormsApp55", "WindowsFormsApp55\WindowsFormsApp55.csproj", "{1A0D87CE-10A1-4804-B2D4-C7D4AA1A45CA}"
EndProject
Global
	GlobalSection(SolutionConfigurationPlatforms) = preSolution
		Debug|Any CPU = Debug|Any CPU
		Release|Any CPU = Release|Any CPU
	EndGlobalSection
	GlobalSection(ProjectConfigurationPlatforms) = postSolution
		{1A0D87CE-10A1-4804-B2D4-C7D4AA1A45CA}.Debug|Any CPU.ActiveCfg = Debug|Any CPU
		{1A0D87CE-10A1-4804-B2D4-C7D4AA1A45CA}.Debug|Any CPU.Build.0 = Debug|Any CPU
		{1A0D87CE-10A1-4804-B2D4-C7D4AA1A45CA}.Release|Any CPU.ActiveCfg = Release|Any CPU
		{1A0D87CE-10A1-4804-B2D4-C7D4AA1A45CA}.Release|Any CPU.Build.0 = Release|Any CPU
	EndGlobalSection
	GlobalSection(SolutionProperties) = preSolution
		HideSolutionNode = FALSE
	EndGlobalSection
	GlobalSection(ExtensibilityGlobals) = postSolution
		SolutionGuid = {0C331414-5CF2-4670-BDA6-A3D3FE8F67BD}
	EndGlobalSection
EndGlobal
